// !$*UTF8*$!
{
	archiveVersion = 1;
	classes = {
	};
	objectVersion = 46;
	objects = {

/* Begin PBXBuildFile section */
		D23325A91C92A15100780601 /* main.m in Sources */ = {isa = PBXBuildFile; fileRef = D23325A81C92A15100780601 /* main.m */; };
		D23325AC1C92A15100780601 /* AppDelegate.m in Sources */ = {isa = PBXBuildFile; fileRef = D23325AB1C92A15100780601 /* AppDelegate.m */; };
		D23325AF1C92A15100780601 /* ViewController.m in Sources */ = {isa = PBXBuildFile; fileRef = D23325AE1C92A15100780601 /* ViewController.m */; };
		D23325B21C92A15100780601 /* Main.storyboard in Resources */ = {isa = PBXBuildFile; fileRef = D23325B01C92A15100780601 /* Main.storyboard */; };
		D23325B41C92A15200780601 /* Assets.xcassets in Resources */ = {isa = PBXBuildFile; fileRef = D23325B31C92A15200780601 /* Assets.xcassets */; };
		D23325B71C92A15200780601 /* LaunchScreen.storyboard in Resources */ = {isa = PBXBuildFile; fileRef = D23325B51C92A15200780601 /* LaunchScreen.storyboard */; };
/* End PBXBuildFile section */

/* Begin PBXFileReference section */
		D23325A41C92A15100780601 /* TestIOS91.app */ = {isa = PBXFileReference; explicitFileType = wrapper.application; includeInIndex = 0; path = TestIOS91.app; sourceTree = BUILT_PRODUCTS_DIR; };
		D23325A81C92A15100780601 /* main.m */ = {isa = PBXFileReference; lastKnownFileType = sourcecode.c.objc; path = main.m; sourceTree = "<group>"; };
		D23325AA1C92A15100780601 /* AppDelegate.h */ = {isa = PBXFileReference; lastKnownFileType = sourcecode.c.h; path = AppDelegate.h; sourceTree = "<group>"; };
		D23325AB1C92A15100780601 /* AppDelegate.m */ = {isa = PBXFileReference; lastKnownFileType = sourcecode.c.objc; path = AppDelegate.m; sourceTree = "<group>"; };
		D23325AD1C92A15100780601 /* ViewController.h */ = {isa = PBXFileReference; lastKnownFileType = sourcecode.c.h; path = ViewController.h; sourceTree = "<group>"; };
		D23325AE1C92A15100780601 /* ViewController.m */ = {isa = PBXFileReference; lastKnownFileType = sourcecode.c.objc; path = ViewController.m; sourceTree = "<group>"; };
		D23325B11C92A15100780601 /* Base */ = {isa = PBXFileReference; lastKnownFileType = file.storyboard; name = Base; path = Base.lproj/Main.storyboard; sourceTree = "<group>"; };
		D23325B31C92A15200780601 /* Assets.xcassets */ = {isa = PBXFileReference; lastKnownFileType = folder.assetcatalog; path = Assets.xcassets; sourceTree = "<group>"; };
		D23325B61C92A15200780601 /* Base */ = {isa = PBXFileReference; lastKnownFileType = file.storyboard; name = Base; path = Base.lproj/LaunchScreen.storyboard; sourceTree = "<group>"; };
		D23325B81C92A15200780601 /* Info.plist */ = {isa = PBXFileReference; lastKnownFileType = text.plist.xml; path = Info.plist; sourceTree = "<group>"; };
/* End PBXFileReference section */

/* Begin PBXFrameworksBuildPhase section */
		D23325A11C92A15100780601 /* Frameworks */ = {
			isa = PBXFrameworksBuildPhase;
			buildActionMask = 2147483647;
			files = (
			);
			runOnlyForDeploymentPostprocessing = 0;
		};
/* End PBXFrameworksBuildPhase section */

/* Begin PBXGroup section */
		D233259B1C92A15100780601 = {
			isa = PBXGroup;
			children = (
				D23325A61C92A15100780601 /* TestIOS91 */,
				D23325A51C92A15100780601 /* Products */,
			);
			sourceTree = "<group>";
		};
		D23325A51C92A15100780601 /* Products */ = {
			isa = PBXGroup;
			children = (
				D23325A41C92A15100780601 /* TestIOS91.app */,
			);
			name = Products;
			sourceTree = "<group>";
		};
		D23325A61C92A15100780601 /* TestIOS91 */ = {
			isa = PBXGroup;
			children = (
				D23325AA1C92A15100780601 /* AppDelegate.h */,
				D23325AB1C92A15100780601 /* AppDelegate.m */,
				D23325AD1C92A15100780601 /* ViewController.h */,
				D23325AE1C92A15100780601 /* ViewController.m */,
				D23325B01C92A15100780601 /* Main.storyboard */,
				D23325B31C92A15200780601 /* Assets.xcassets */,
				D23325B51C92A15200780601 /* LaunchScreen.storyboard */,
				D23325B81C92A15200780601 /* Info.plist */,
				D23325A71C92A15100780601 /* Supporting Files */,
			);
			path = TestIOS91;
			sourceTree = "<group>";
		};
		D23325A71C92A15100780601 /* Supporting Files */ = {
			isa = PBXGroup;
			children = (
				D23325A81C92A15100780601 /* main.m */,
			);
			name = "Supporting Files";
			sourceTree = "<group>";
		};
/* End PBXGroup section */

/* Begin PBXNativeTarget section */
		D23325A31C92A15100780601 /* TestIOS91 */ = {
			isa = PBXNativeTarget;
			buildConfigurationList = D23325BB1C92A15200780601 /* Build configuration list for PBXNativeTarget "TestIOS91" */;
			buildPhases = (
				D23325A01C92A15100780601 /* Sources */,
				D23325A11C92A15100780601 /* Frameworks */,
				D23325A21C92A15100780601 /* Resources */,
			);
			buildRules = (
			);
			dependencies = (
			);
			name = TestIOS91;
			productName = TestIOS91;
			productReference = D23325A41C92A15100780601 /* TestIOS91.app */;
			productType = "com.apple.product-type.application";
		};
/* End PBXNativeTarget section */

/* Begin PBXProject section */
		D233259C1C92A15100780601 /* Project object */ = {
			isa = PBXProject;
			attributes = {
				LastUpgradeCheck = 0720;
				ORGANIZATIONNAME = finefor;
				TargetAttributes = {
					D23325A31C92A15100780601 = {
						CreatedOnToolsVersion = 7.2.1;
						SystemCapabilities = {
							com.apple.BackgroundModes = {
								enabled = 1;
							};
						};
					};
				};
			};
			buildConfigurationList = D233259F1C92A15100780601 /* Build configuration list for PBXProject "TestIOS91" */;
			compatibilityVersion = "Xcode 3.2";
			developmentRegion = English;
			hasScannedForEncodings = 0;
			knownRegions = (
				en,
				Base,
			);
			mainGroup = D233259B1C92A15100780601;
			productRefGroup = D23325A51C92A15100780601 /* Products */;
			projectDirPath = "";
			projectRoot = "";
			targets = (
				D23325A31C92A15100780601 /* TestIOS91 */,
			);
		};
/* End PBXProject section */

/* Begin PBXResourcesBuildPhase section */
		D23325A21C92A15100780601 /* Resources */ = {
			isa = PBXResourcesBuildPhase;
			buildActionMask = 2147483647;
			files = (
				D23325B71C92A15200780601 /* LaunchScreen.storyboard in Resources */,
				D23325B41C92A15200780601 /* Assets.xcassets in Resources */,
				D23325B21C92A15100780601 /* Main.storyboard in Resources */,
			);
			runOnlyForDeploymentPostprocessing = 0;
		};
/* End PBXResourcesBuildPhase section */

/* Begin PBXSourcesBuildPhase section */
		D23325A01C92A15100780601 /* Sources */ = {
			isa = PBXSourcesBuildPhase;
			buildActionMask = 2147483647;
			files = (
				D23325AF1C92A15100780601 /* ViewController.m in Sources */,
				D23325AC1C92A15100780601 /* AppDelegate.m in Sources */,
				D23325A91C92A15100780601 /* main.m in Sources */,
			);
			runOnlyForDeploymentPostprocessing = 0;
		};
/* End PBXSourcesBuildPhase section */

/* Begin PBXVariantGroup section */
		D23325B01C92A15100780601 /* Main.storyboard */ = {
			isa = PBXVariantGroup;
			children = (
				D23325B11C92A15100780601 /* Base */,
			);
			name = Main.storyboard;
			sourceTree = "<group>";
		};
		D23325B51C92A15200780601 /* LaunchScreen.storyboard */ = {
			isa = PBXVariantGroup;
			children = (
				D23325B61C92A15200780601 /* Base */,
			);
			name = LaunchScreen.storyboard;
			sourceTree = "<group>";
		};
/* End PBXVariantGroup section */

/* Begin XCBuildConfiguration section */
		D23325B91C92A15200780601 /* Debug */ = {
			isa = XCBuildConfiguration;
			buildSettings = {
				ALWAYS_SEARCH_USER_PATHS = NO;
				CLANG_CXX_LANGUAGE_STANDARD = "gnu++0x";
				CLANG_CXX_LIBRARY = "libc++";
				CLANG_ENABLE_MODULES = YES;
				CLANG_ENABLE_OBJC_ARC = YES;
				CLANG_WARN_BOOL_CONVERSION = YES;
				CLANG_WARN_CONSTANT_CONVERSION = YES;
				CLANG_WARN_DIRECT_OBJC_ISA_USAGE = YES_ERROR;
				CLANG_WARN_EMPTY_BODY = YES;
				CLANG_WARN_ENUM_CONVERSION = YES;
				CLANG_WARN_INT_CONVERSION = YES;
				CLANG_WARN_OBJC_ROOT_CLASS = YES_ERROR;
				CLANG_WARN_UNREACHABLE_CODE = YES;
				CLANG_WARN__DUPLICATE_METHOD_MATCH = YES;
				"CODE_SIGN_IDENTITY[sdk=iphoneos*]" = "iPhone Developer";
				COPY_PHASE_STRIP = NO;
				DEBUG_INFORMATION_FORMAT = dwarf;
				ENABLE_STRICT_OBJC_MSGSEND = YES;
				ENABLE_TESTABILITY = YES;
				GCC_C_LANGUAGE_STANDARD = gnu99;
				GCC_DYNAMIC_NO_PIC = NO;
				GCC_NO_COMMON_BLOCKS = YES;
				GCC_OPTIMIZATION_LEVEL = 0;
				GCC_PREPROCESSOR_DEFINITIONS = (
					"DEBUG=1",
					"$(inherited)",
				);
				GCC_WARN_64_TO_32_BIT_CONVERSION = YES;
				GCC_WARN_ABOUT_RETURN_TYPE = YES_ERROR;
				GCC_WARN_UNDECLARED_SELECTOR = YES;
				GCC_WARN_UNINITIALIZED_AUTOS = YES_AGGRESSIVE;
				GCC_WARN_UNUSED_FUNCTION = YES;
				GCC_WARN_UNUSED_VARIABLE = YES;
				IPHONEOS_DEPLOYMENT_TARGET = 9.2;
				MTL_ENABLE_DEBUG_INFO = YES;
				ONLY_ACTIVE_ARCH = YES;
				SDKROOT = iphoneos;
			};
			name = Debug;
		};
		D23325BA1C92A15200780601 /* Release */ = {
			isa = XCBuildConfiguration;
			buildSettings = {
				ALWAYS_SEARCH_USER_PATHS = NO;
				CLANG_CXX_LANGUAGE_STANDARD = "gnu++0x";
				CLANG_CXX_LIBRARY = "libc++";
				CLANG_ENABLE_MODULES = YES;
				CLANG_ENABLE_OBJC_ARC = YES;
				CLANG_WARN_BOOL_CONVERSION = YES;
				CLANG_WARN_CONSTANT_CONVERSION = YES;
				CLANG_WARN_DIRECT_OBJC_ISA_USAGE = YES_ERROR;
				CLANG_WARN_EMPTY_BODY = YES;
				CLANG_WARN_ENUM_CONVERSION = YES;
				CLANG_WARN_INT_CONVERSION = YES;
				CLANG_WARN_OBJC_ROOT_CLASS = YES_ERROR;
				CLANG_WARN_UNREACHABLE_CODE = YES;
				CLANG_WARN__DUPLICATE_METHOD_MATCH = YES;
				"CODE_SIGN_IDENTITY[sdk=iphoneos*]" = "iPhone Developer";
				COPY_PHASE_STRIP = NO;
				DEBUG_INFORMATION_FORMAT = "dwarf-with-dsym";
				ENABLE_NS_ASSERTIONS = NO;
				ENABLE_STRICT_OBJC_MSGSEND = YES;
				GCC_C_LANGUAGE_STANDARD = gnu99;
				GCC_NO_COMMON_BLOCKS = YES;
				GCC_WARN_64_TO_32_BIT_CONVERSION = YES;
				GCC_WARN_ABOUT_RETURN_TYPE = YES_ERROR;
				GCC_WARN_UNDECLARED_SELECTOR = YES;
				GCC_WARN_UNINITIALIZED_AUTOS = YES_AGGRESSIVE;
				GCC_WARN_UNUSED_FUNCTION = YES;
				GCC_WARN_UNUSED_VARIABLE = YES;
				IPHONEOS_DEPLOYMENT_TARGET = 9.2;
				MTL_ENABLE_DEBUG_INFO = NO;
				SDKROOT = iphoneos;
				VALIDATE_PRODUCT = YES;
			};
			name = Release;
		};
		D23325BC1C92A15200780601 /* Debug */ = {
			isa = XCBuildConfiguration;
			buildSettings = {
				ASSETCATALOG_COMPILER_APPICON_NAME = AppIcon;
				INFOPLIST_FILE = TestIOS91/Info.plist;
				LD_RUNPATH_SEARCH_PATHS = "$(inherited) @executable_path/Frameworks";
				PRODUCT_BUNDLE_IDENTIFIER = cn.yin.wei.shi.TestIOS91;
				PRODUCT_NAME = "$(TARGET_NAME)";
			};
			name = Debug;
		};
		D23325BD1C92A15200780601 /* Release */ = {
			isa = XCBuildConfiguration;
			buildSettings = {
				ASSETCATALOG_COMPILER_APPICON_NAME = AppIcon;
				INFOPLIST_FILE = TestIOS91/Info.plist;
				LD_RUNPATH_SEARCH_PATHS = "$(inherited) @executable_path/Frameworks";
				PRODUCT_BUNDLE_IDENTIFIER = cn.yin.wei.shi.TestIOS91;
				PRODUCT_NAME = "$(TARGET_NAME)";
			};
			name = Release;
		};
/* End XCBuildConfiguration section */

/* Begin XCConfigurationList section */
		D233259F1C92A15100780601 /* Build configuration list for PBXProject "TestIOS91" */ = {
			isa = XCConfigurationList;
			buildConfigurations = (
				D23325B91C92A15200780601 /* Debug */,
				D23325BA1C92A15200780601 /* Release */,
			);
			defaultConfigurationIsVisible = 0;
			defaultConfigurationName = Release;
		};
		D23325BB1C92A15200780601 /* Build configuration list for PBXNativeTarget "TestIOS91" */ = {
			isa = XCConfigurationList;
			buildConfigurations = (
				D23325BC1C92A15200780601 /* Debug */,
				D23325BD1C92A15200780601 /* Release */,
			);
			defaultConfigurationIsVisible = 0;
			defaultConfigurationName = Release;
		};
/* End XCConfigurationList section */
	};
	rootObject = D233259C1C92A15100780601 /* Project object */;
}
